
Microsoft Visual Studio Solution File, Format Version 12.00
# Visual Studio Version 17
VisualStudioVersion = 17.6.33712.159
MinimumVisualStudioVersion = 10.0.40219.1
Project("{FAE04EC0-301F-11D3-BF4B-00C04F79EFBC}") = "DevEmpower_AspNetWebAPI_JwtAu", "DevEmpower_AspNetWebAPI_JwtAu\DevEmpower_AspNetWebAPI_JwtAu.csproj", "{50400FB0-E41C-4798-B7DA-53E7AC863754}"
EndProject
Global
	GlobalSection(SolutionConfigurationPlatforms) = preSolution
		Debug|Any CPU = Debug|Any CPU
		Release|Any CPU = Release|Any CPU
	EndGlobalSection
	GlobalSection(ProjectConfigurationPlatforms) = postSolution
		{50400FB0-E41C-4798-B7DA-53E7AC863754}.Debug|Any CPU.ActiveCfg = Debug|Any CPU
		{50400FB0-E41C-4798-B7DA-53E7AC863754}.Debug|Any CPU.Build.0 = Debug|Any CPU
		{50400FB0-E41C-4798-B7DA-53E7AC863754}.Release|Any CPU.ActiveCfg = Release|Any CPU
		{50400FB0-E41C-4798-B7DA-53E7AC863754}.Release|Any CPU.Build.0 = Release|Any CPU
	EndGlobalSection
	GlobalSection(SolutionProperties) = preSolution
		HideSolutionNode = FALSE
	EndGlobalSection
	GlobalSection(ExtensibilityGlobals) = postSolution
		SolutionGuid = {49BE296C-3000-44F3-9334-AF8D3B054194}
	EndGlobalSection
EndGlobal
